
Microsoft Visual Studio Solution File, Format Version 12.00
# Visual Studio Version 17
VisualStudioVersion = 17.0.31903.59
MinimumVisualStudioVersion = 10.0.40219.1
Project("{9A19103F-16F7-4668-BE54-9A1E7A4F7556}") = "CoreLib", "CoreLib\CoreLib.csproj", "{0FA47268-25C0-40E1-B7C3-C387DEB2B041}"
EndProject
Project("{2150E333-8FDC-42A3-9474-1A3956D46DE8}") = "Niacomsoft.CoreLib", "Niacomsoft.CoreLib", "{1A66FB72-025A-4475-8563-BE6370AF3A0E}"
EndProject
Project("{D954291E-2A0B-460D-934E-DC6B0785DB48}") = "Private.CoreLib", "Private.CoreLib\Private.CoreLib.shproj", "{FC2A6C11-DA4E-4AF1-8AC7-BDD96E0EFDC8}"
EndProject
Project("{9A19103F-16F7-4668-BE54-9A1E7A4F7556}") = "Tfx.Common", "Tfx.Common\Tfx.Common.csproj", "{6C2ED3FE-9745-41AC-B5F5-2A2F42CCFCD3}"
EndProject
Project("{9A19103F-16F7-4668-BE54-9A1E7A4F7556}") = "Tfx.Common.Compatibility.Java", "Tfx.Common.Compatibility.Java\Tfx.Common.Compatibility.Java.csproj", "{8978C1D1-2D81-4A57-B993-5D99F964C557}"
EndProject
Project("{9A19103F-16F7-4668-BE54-9A1E7A4F7556}") = "Tfx.Common.IntegerExtensions.HashingId", "Tfx.Common.IntegerExtensions.HashingId\Tfx.Common.IntegerExtensions.HashingId.csproj", "{CE097099-C5F0-40AF-825E-0A0EDF2B5C48}"
EndProject
Project("{9A19103F-16F7-4668-BE54-9A1E7A4F7556}") = "Tfx.Core.Abstractions", "Tfx.Core.Abstractions\Tfx.Core.Abstractions.csproj", "{F77C0704-4B7C-4AB2-98B0-35C2A517B65A}"
EndProject
Project("{2150E333-8FDC-42A3-9474-1A3956D46DE8}") = "Core", "Core", "{BA190107-850D-401B-9285-98CAE7339511}"
EndProject
Project("{2150E333-8FDC-42A3-9474-1A3956D46DE8}") = "Common", "Common", "{51B7E72B-011E-461C-98E8-90E27ABB37FD}"
EndProject
Project("{9A19103F-16F7-4668-BE54-9A1E7A4F7556}") = "Tfx.Core", "Tfx.Core\Tfx.Core.csproj", "{AF340C3D-EB1F-4337-91FE-5F095C19E6BC}"
EndProject
Project("{2150E333-8FDC-42A3-9474-1A3956D46DE8}") = "Extensions", "Extensions", "{7BA2658F-0F59-4D5C-BBF4-C83EDE34FD45}"
EndProject
Project("{9A19103F-16F7-4668-BE54-9A1E7A4F7556}") = "Tfx.Extensions.DependencyInjection.Abstractions", "Tfx.Extensions.DependencyInjection.Abstractions\Tfx.Extensions.DependencyInjection.Abstractions.csproj", "{2253A3BF-1F1F-4D29-8F6C-89E0D32D2790}"
EndProject
Project("{9A19103F-16F7-4668-BE54-9A1E7A4F7556}") = "Tfx.Extensions.DependencyInjection", "Tfx.Extensions.DependencyInjection\Tfx.Extensions.DependencyInjection.csproj", "{6B0F57DB-69C1-417A-B274-F2322897D53D}"
EndProject
Project("{9A19103F-16F7-4668-BE54-9A1E7A4F7556}") = "Tfx.Extensions.DependencyInjection.UnityContainer", "Tfx.Extensions.DependencyInjection.UnityContainer\Tfx.Extensions.DependencyInjection.UnityContainer.csproj", "{9A701E88-9102-447B-BB1D-792D5F1994BA}"
EndProject
Project("{9A19103F-16F7-4668-BE54-9A1E7A4F7556}") = "Tfx.Extensions.Logging.Abstractions", "Tfx.Extensions.Logging.Abstractions\Tfx.Extensions.Logging.Abstractions.csproj", "{974144B0-84E7-42CE-A2DE-23002695D0CC}"
EndProject
Global
	GlobalSection(SolutionConfigurationPlatforms) = preSolution
		Debug|Any CPU = Debug|Any CPU
		Release|Any CPU = Release|Any CPU
	EndGlobalSection
	GlobalSection(ProjectConfigurationPlatforms) = postSolution
		{0FA47268-25C0-40E1-B7C3-C387DEB2B041}.Debug|Any CPU.ActiveCfg = Debug|Any CPU
		{0FA47268-25C0-40E1-B7C3-C387DEB2B041}.Debug|Any CPU.Build.0 = Debug|Any CPU
		{0FA47268-25C0-40E1-B7C3-C387DEB2B041}.Release|Any CPU.ActiveCfg = Release|Any CPU
		{0FA47268-25C0-40E1-B7C3-C387DEB2B041}.Release|Any CPU.Build.0 = Release|Any CPU
		{6C2ED3FE-9745-41AC-B5F5-2A2F42CCFCD3}.Debug|Any CPU.ActiveCfg = Debug|Any CPU
		{6C2ED3FE-9745-41AC-B5F5-2A2F42CCFCD3}.Debug|Any CPU.Build.0 = Debug|Any CPU
		{6C2ED3FE-9745-41AC-B5F5-2A2F42CCFCD3}.Release|Any CPU.ActiveCfg = Release|Any CPU
		{6C2ED3FE-9745-41AC-B5F5-2A2F42CCFCD3}.Release|Any CPU.Build.0 = Release|Any CPU
		{8978C1D1-2D81-4A57-B993-5D99F964C557}.Debug|Any CPU.ActiveCfg = Debug|Any CPU
		{8978C1D1-2D81-4A57-B993-5D99F964C557}.Debug|Any CPU.Build.0 = Debug|Any CPU
		{8978C1D1-2D81-4A57-B993-5D99F964C557}.Release|Any CPU.ActiveCfg = Release|Any CPU
		{8978C1D1-2D81-4A57-B993-5D99F964C557}.Release|Any CPU.Build.0 = Release|Any CPU
		{CE097099-C5F0-40AF-825E-0A0EDF2B5C48}.Debug|Any CPU.ActiveCfg = Debug|Any CPU
		{CE097099-C5F0-40AF-825E-0A0EDF2B5C48}.Debug|Any CPU.Build.0 = Debug|Any CPU
		{CE097099-C5F0-40AF-825E-0A0EDF2B5C48}.Release|Any CPU.ActiveCfg = Release|Any CPU
		{CE097099-C5F0-40AF-825E-0A0EDF2B5C48}.Release|Any CPU.Build.0 = Release|Any CPU
		{F77C0704-4B7C-4AB2-98B0-35C2A517B65A}.Debug|Any CPU.ActiveCfg = Debug|Any CPU
		{F77C0704-4B7C-4AB2-98B0-35C2A517B65A}.Debug|Any CPU.Build.0 = Debug|Any CPU
		{F77C0704-4B7C-4AB2-98B0-35C2A517B65A}.Release|Any CPU.ActiveCfg = Release|Any CPU
		{F77C0704-4B7C-4AB2-98B0-35C2A517B65A}.Release|Any CPU.Build.0 = Release|Any CPU
		{AF340C3D-EB1F-4337-91FE-5F095C19E6BC}.Debug|Any CPU.ActiveCfg = Debug|Any CPU
		{AF340C3D-EB1F-4337-91FE-5F095C19E6BC}.Debug|Any CPU.Build.0 = Debug|Any CPU
		{AF340C3D-EB1F-4337-91FE-5F095C19E6BC}.Release|Any CPU.ActiveCfg = Release|Any CPU
		{AF340C3D-EB1F-4337-91FE-5F095C19E6BC}.Release|Any CPU.Build.0 = Release|Any CPU
		{2253A3BF-1F1F-4D29-8F6C-89E0D32D2790}.Debug|Any CPU.ActiveCfg = Debug|Any CPU
		{2253A3BF-1F1F-4D29-8F6C-89E0D32D2790}.Debug|Any CPU.Build.0 = Debug|Any CPU
		{2253A3BF-1F1F-4D29-8F6C-89E0D32D2790}.Release|Any CPU.ActiveCfg = Release|Any CPU
		{2253A3BF-1F1F-4D29-8F6C-89E0D32D2790}.Release|Any CPU.Build.0 = Release|Any CPU
		{6B0F57DB-69C1-417A-B274-F2322897D53D}.Debug|Any CPU.ActiveCfg = Debug|Any CPU
		{6B0F57DB-69C1-417A-B274-F2322897D53D}.Debug|Any CPU.Build.0 = Debug|Any CPU
		{6B0F57DB-69C1-417A-B274-F2322897D53D}.Release|Any CPU.ActiveCfg = Release|Any CPU
		{6B0F57DB-69C1-417A-B274-F2322897D53D}.Release|Any CPU.Build.0 = Release|Any CPU
		{9A701E88-9102-447B-BB1D-792D5F1994BA}.Debug|Any CPU.ActiveCfg = Debug|Any CPU
		{9A701E88-9102-447B-BB1D-792D5F1994BA}.Debug|Any CPU.Build.0 = Debug|Any CPU
		{9A701E88-9102-447B-BB1D-792D5F1994BA}.Release|Any CPU.ActiveCfg = Release|Any CPU
		{9A701E88-9102-447B-BB1D-792D5F1994BA}.Release|Any CPU.Build.0 = Release|Any CPU
		{974144B0-84E7-42CE-A2DE-23002695D0CC}.Debug|Any CPU.ActiveCfg = Debug|Any CPU
		{974144B0-84E7-42CE-A2DE-23002695D0CC}.Debug|Any CPU.Build.0 = Debug|Any CPU
		{974144B0-84E7-42CE-A2DE-23002695D0CC}.Release|Any CPU.ActiveCfg = Release|Any CPU
		{974144B0-84E7-42CE-A2DE-23002695D0CC}.Release|Any CPU.Build.0 = Release|Any CPU
	EndGlobalSection
	GlobalSection(SolutionProperties) = preSolution
		HideSolutionNode = FALSE
	EndGlobalSection
	GlobalSection(NestedProjects) = preSolution
		{0FA47268-25C0-40E1-B7C3-C387DEB2B041} = {1A66FB72-025A-4475-8563-BE6370AF3A0E}
		{FC2A6C11-DA4E-4AF1-8AC7-BDD96E0EFDC8} = {1A66FB72-025A-4475-8563-BE6370AF3A0E}
		{6C2ED3FE-9745-41AC-B5F5-2A2F42CCFCD3} = {51B7E72B-011E-461C-98E8-90E27ABB37FD}
		{8978C1D1-2D81-4A57-B993-5D99F964C557} = {51B7E72B-011E-461C-98E8-90E27ABB37FD}
		{CE097099-C5F0-40AF-825E-0A0EDF2B5C48} = {51B7E72B-011E-461C-98E8-90E27ABB37FD}
		{F77C0704-4B7C-4AB2-98B0-35C2A517B65A} = {BA190107-850D-401B-9285-98CAE7339511}
		{AF340C3D-EB1F-4337-91FE-5F095C19E6BC} = {BA190107-850D-401B-9285-98CAE7339511}
		{2253A3BF-1F1F-4D29-8F6C-89E0D32D2790} = {7BA2658F-0F59-4D5C-BBF4-C83EDE34FD45}
		{6B0F57DB-69C1-417A-B274-F2322897D53D} = {7BA2658F-0F59-4D5C-BBF4-C83EDE34FD45}
		{9A701E88-9102-447B-BB1D-792D5F1994BA} = {7BA2658F-0F59-4D5C-BBF4-C83EDE34FD45}
		{974144B0-84E7-42CE-A2DE-23002695D0CC} = {7BA2658F-0F59-4D5C-BBF4-C83EDE34FD45}
	EndGlobalSection
	GlobalSection(ExtensibilityGlobals) = postSolution
		SolutionGuid = {BA5F6711-2336-4F2E-958D-100E3CE28B75}
	EndGlobalSection
	GlobalSection(SharedMSBuildProjectFiles) = preSolution
		Private.CoreLib\Private.CoreLib.projitems*{0fa47268-25c0-40e1-b7c3-c387deb2b041}*SharedItemsImports = 5
		Private.CoreLib\Private.CoreLib.projitems*{fc2a6c11-da4e-4af1-8ac7-bdd96e0efdc8}*SharedItemsImports = 13
	EndGlobalSection
EndGlobal
